
Microsoft Visual Studio Solution File, Format Version 12.00
# Visual Studio Version 16
VisualStudioVersion = 16.0.30804.86
MinimumVisualStudioVersion = 10.0.40219.1
Project("{9A19103F-16F7-4668-BE54-9A1E7A4F7556}") = "Function.App.DatabaseManager", "Function.App.DatabaseManager\Function.App.DatabaseManager.csproj", "{C33B7CE3-464D-4A62-8FBD-16BAEB07919D}"
EndProject
Project("{9A19103F-16F7-4668-BE54-9A1E7A4F7556}") = "Function.App.Service", "Function.App.Service\Function.App.Service.csproj", "{DB80989C-03EA-48F0-89F8-9D7C3285EA28}"
EndProject
Project("{9A19103F-16F7-4668-BE54-9A1E7A4F7556}") = "Function.App.Data", "Function.App.Data\Function.App.Data.csproj", "{C960CBEB-4FA6-48E3-B26D-8F023FF3A7E8}"
EndProject
Project("{00D1A9C2-B5F0-4AF3-8072-F6C62B433612}") = "Database", "Database\Database.sqlproj", "{42745B06-742F-4FCB-A2A6-423B4308B4CC}"
EndProject
Global
	GlobalSection(SolutionConfigurationPlatforms) = preSolution
		Debug|Any CPU = Debug|Any CPU
		Release|Any CPU = Release|Any CPU
	EndGlobalSection
	GlobalSection(ProjectConfigurationPlatforms) = postSolution
		{C33B7CE3-464D-4A62-8FBD-16BAEB07919D}.Debug|Any CPU.ActiveCfg = Debug|Any CPU
		{C33B7CE3-464D-4A62-8FBD-16BAEB07919D}.Debug|Any CPU.Build.0 = Debug|Any CPU
		{C33B7CE3-464D-4A62-8FBD-16BAEB07919D}.Release|Any CPU.ActiveCfg = Release|Any CPU
		{C33B7CE3-464D-4A62-8FBD-16BAEB07919D}.Release|Any CPU.Build.0 = Release|Any CPU
		{DB80989C-03EA-48F0-89F8-9D7C3285EA28}.Debug|Any CPU.ActiveCfg = Debug|Any CPU
		{DB80989C-03EA-48F0-89F8-9D7C3285EA28}.Debug|Any CPU.Build.0 = Debug|Any CPU
		{DB80989C-03EA-48F0-89F8-9D7C3285EA28}.Release|Any CPU.ActiveCfg = Release|Any CPU
		{DB80989C-03EA-48F0-89F8-9D7C3285EA28}.Release|Any CPU.Build.0 = Release|Any CPU
		{C960CBEB-4FA6-48E3-B26D-8F023FF3A7E8}.Debug|Any CPU.ActiveCfg = Debug|Any CPU
		{C960CBEB-4FA6-48E3-B26D-8F023FF3A7E8}.Debug|Any CPU.Build.0 = Debug|Any CPU
		{C960CBEB-4FA6-48E3-B26D-8F023FF3A7E8}.Release|Any CPU.ActiveCfg = Release|Any CPU
		{C960CBEB-4FA6-48E3-B26D-8F023FF3A7E8}.Release|Any CPU.Build.0 = Release|Any CPU
		{42745B06-742F-4FCB-A2A6-423B4308B4CC}.Debug|Any CPU.ActiveCfg = Debug|Any CPU
		{42745B06-742F-4FCB-A2A6-423B4308B4CC}.Debug|Any CPU.Build.0 = Debug|Any CPU
		{42745B06-742F-4FCB-A2A6-423B4308B4CC}.Debug|Any CPU.Deploy.0 = Debug|Any CPU
		{42745B06-742F-4FCB-A2A6-423B4308B4CC}.Release|Any CPU.ActiveCfg = Release|Any CPU
		{42745B06-742F-4FCB-A2A6-423B4308B4CC}.Release|Any CPU.Build.0 = Release|Any CPU
		{42745B06-742F-4FCB-A2A6-423B4308B4CC}.Release|Any CPU.Deploy.0 = Release|Any CPU
	EndGlobalSection
	GlobalSection(SolutionProperties) = preSolution
		HideSolutionNode = FALSE
	EndGlobalSection
	GlobalSection(ExtensibilityGlobals) = postSolution
		SolutionGuid = {33337C66-8C77-486D-AC69-E0586A57F660}
	EndGlobalSection
EndGlobal
